# This file is automatically @generated by Cargo.
# It is not intended for manual editing.
[[package]]
name = "devtimer"
version = "4.0.1"
source = "registry+https://github.com/rust-lang/crates.io-index"
checksum = "907339959a92f6b98846570500c0a567c9aecbb3871cef00561eb5d20d47b7c1"

[[package]]
name = "railsearch"
version = "0.1.0"
dependencies = [
 "devtimer",
]
